
Microsoft Visual Studio Solution File, Format Version 12.00
# Visual Studio 2012
Project("{FAE04EC0-301F-11D3-BF4B-00C04F79EFBC}") = "TimeTraveller.ClientModel", "ClientModel\TimeTraveller.ClientModel.csproj", "{5A8520B1-5E17-45E4-88B6-3A1D271B4546}"
EndProject
Project("{FAE04EC0-301F-11D3-BF4B-00C04F79EFBC}") = "TimeTraveller.ClientModelCreator", "TimeTraveller.ClientModelCreator\TimeTraveller.ClientModelCreator.csproj", "{2A9E1A51-F2B8-4E88-990D-D8308727FBDD}"
EndProject
Global
	GlobalSection(SolutionConfigurationPlatforms) = preSolution
		Debug|Any CPU = Debug|Any CPU
		Release|Any CPU = Release|Any CPU
	EndGlobalSection
	GlobalSection(ProjectConfigurationPlatforms) = postSolution
		{5A8520B1-5E17-45E4-88B6-3A1D271B4546}.Debug|Any CPU.ActiveCfg = Debug|Any CPU
		{5A8520B1-5E17-45E4-88B6-3A1D271B4546}.Debug|Any CPU.Build.0 = Debug|Any CPU
		{5A8520B1-5E17-45E4-88B6-3A1D271B4546}.Release|Any CPU.ActiveCfg = Release|Any CPU
		{5A8520B1-5E17-45E4-88B6-3A1D271B4546}.Release|Any CPU.Build.0 = Release|Any CPU
		{2A9E1A51-F2B8-4E88-990D-D8308727FBDD}.Debug|Any CPU.ActiveCfg = Debug|Any CPU
		{2A9E1A51-F2B8-4E88-990D-D8308727FBDD}.Debug|Any CPU.Build.0 = Debug|Any CPU
		{2A9E1A51-F2B8-4E88-990D-D8308727FBDD}.Release|Any CPU.ActiveCfg = Release|Any CPU
		{2A9E1A51-F2B8-4E88-990D-D8308727FBDD}.Release|Any CPU.Build.0 = Release|Any CPU
	EndGlobalSection
	GlobalSection(SolutionProperties) = preSolution
		HideSolutionNode = FALSE
	EndGlobalSection
EndGlobal
